{
  "name": "backend",
  "lockfileVersion": 3,
  "requires": true,
  "packages": {
    "": {
      "dependencies": {
        "@fontsource/poppins": "^5.1.1"
      }
    },
    "node_modules/@fontsource/poppins": {
      "version": "5.1.1",
      "resolved": "https://registry.npmjs.org/@fontsource/poppins/-/poppins-5.1.1.tgz",
      "integrity": "sha512-PQVKHGQOK+UpVNPzTFF9Z9ez3CIDkunfvRXGH95hiDoqWJc1shW4JFqe4tEoqnq7RtZaYrw9aWQq58L4eny5xg==",
      "license": "OFL-1.1"
    }
  }
}
